
Microsoft Visual Studio Solution File, Format Version 11.00
# Visual Studio 2010
Project("{888888A0-9F3D-457C-B088-3A5042F75D52}") = "mmntest1", "mmntest1.pyproj", "{9FFF2D4B-E7F8-4871-B91A-1356A52C36E3}"
EndProject
Global
	GlobalSection(SolutionConfigurationPlatforms) = preSolution
		Debug|Any CPU = Debug|Any CPU
		Release|Any CPU = Release|Any CPU
	EndGlobalSection
	GlobalSection(ProjectConfigurationPlatforms) = postSolution
		{9FFF2D4B-E7F8-4871-B91A-1356A52C36E3}.Debug|Any CPU.ActiveCfg = Debug|Any CPU
		{9FFF2D4B-E7F8-4871-B91A-1356A52C36E3}.Release|Any CPU.ActiveCfg = Release|Any CPU
	EndGlobalSection
	GlobalSection(SolutionProperties) = preSolution
		HideSolutionNode = FALSE
	EndGlobalSection
EndGlobal
